
Microsoft Visual Studio Solution File, Format Version 12.00
# Visual Studio Version 17
VisualStudioVersion = 17.10.35027.167
MinimumVisualStudioVersion = 10.0.40219.1
Project("{FAE04EC0-301F-11D3-BF4B-00C04F79EFBC}") = "CIDBot", "CIDBot\CIDBot.csproj", "{3CFD8E01-BE85-4E13-982E-45049242A63D}"
EndProject
Global
	GlobalSection(SolutionConfigurationPlatforms) = preSolution
		Debug|Any CPU = Debug|Any CPU
		Release|Any CPU = Release|Any CPU
	EndGlobalSection
	GlobalSection(ProjectConfigurationPlatforms) = postSolution
		{3CFD8E01-BE85-4E13-982E-45049242A63D}.Debug|Any CPU.ActiveCfg = Debug|Any CPU
		{3CFD8E01-BE85-4E13-982E-45049242A63D}.Debug|Any CPU.Build.0 = Debug|Any CPU
		{3CFD8E01-BE85-4E13-982E-45049242A63D}.Release|Any CPU.ActiveCfg = Release|Any CPU
		{3CFD8E01-BE85-4E13-982E-45049242A63D}.Release|Any CPU.Build.0 = Release|Any CPU
	EndGlobalSection
	GlobalSection(SolutionProperties) = preSolution
		HideSolutionNode = FALSE
	EndGlobalSection
	GlobalSection(ExtensibilityGlobals) = postSolution
		SolutionGuid = {FE3F1D64-3F05-4D45-9BAE-5B6B020EC797}
	EndGlobalSection
EndGlobal
